// !$*UTF8*$!
{
	archiveVersion = 1;
	classes = {
	};
	objectVersion = 46;
	objects = {

/* Begin PBXBuildFile section */
		4501FF4C1ECFBE4400BBE43F /* Main.storyboard in Resources */ = {isa = PBXBuildFile; fileRef = 4501FF4A1ECFBE4400BBE43F /* Main.storyboard */; };
		4501FF4E1ECFBE4400BBE43F /* Assets.xcassets in Resources */ = {isa = PBXBuildFile; fileRef = 4501FF4D1ECFBE4400BBE43F /* Assets.xcassets */; };
		4501FF511ECFBE4400BBE43F /* LaunchScreen.storyboard in Resources */ = {isa = PBXBuildFile; fileRef = 4501FF4F1ECFBE4400BBE43F /* LaunchScreen.storyboard */; };
		4501FF691ECFBFA700BBE43F /* GTypes.cpp in Sources */ = {isa = PBXBuildFile; fileRef = 4501FF611ECFBFA700BBE43F /* GTypes.cpp */; };
		4501FF8B1ED073ED00BBE43F /* GameWorld.cpp in Sources */ = {isa = PBXBuildFile; fileRef = 4501FF891ED073ED00BBE43F /* GameWorld.cpp */; };
		452C013A1EDDCD240057BEAA /* AppDelegate.m in Sources */ = {isa = PBXBuildFile; fileRef = 452C01341EDDCD240057BEAA /* AppDelegate.m */; };
		452C013B1EDDCD240057BEAA /* main.m in Sources */ = {isa = PBXBuildFile; fileRef = 452C01351EDDCD240057BEAA /* main.m */; };
		452C015A1EDE0DB00057BEAA /* ViewController.m in Sources */ = {isa = PBXBuildFile; fileRef = 452C01591EDE0DB00057BEAA /* ViewController.m */; };
		452C015E1EDE0DBA0057BEAA /* OpenGLView.mm in Sources */ = {isa = PBXBuildFile; fileRef = 452C015D1EDE0DBA0057BEAA /* OpenGLView.mm */; };
		452C017D1EDE0E400057BEAA /* GObject.cpp in Sources */ = {isa = PBXBuildFile; fileRef = 452C01611EDE0E400057BEAA /* GObject.cpp */; };
		452C01811EDE0E400057BEAA /* GLMatrix.cpp in Sources */ = {isa = PBXBuildFile; fileRef = 452C016A1EDE0E400057BEAA /* GLMatrix.cpp */; };
		452C01821EDE0E400057BEAA /* GLVertex.cpp in Sources */ = {isa = PBXBuildFile; fileRef = 452C016C1EDE0E400057BEAA /* GLVertex.cpp */; };
		452C01831EDE0E400057BEAA /* GBox.cpp in Sources */ = {isa = PBXBuildFile; fileRef = 452C016F1EDE0E400057BEAA /* GBox.cpp */; };
		452C01881EDE0E400057BEAA /* GVertexArray.cpp in Sources */ = {isa = PBXBuildFile; fileRef = 452C01761EDE0E400057BEAA /* GVertexArray.cpp */; };
		452C01891EDE0E400057BEAA /* GDirector.cpp in Sources */ = {isa = PBXBuildFile; fileRef = 452C01791EDE0E400057BEAA /* GDirector.cpp */; };
		452C018A1EDE0E400057BEAA /* GShaderUtils.cpp in Sources */ = {isa = PBXBuildFile; fileRef = 452C017B1EDE0E400057BEAA /* GShaderUtils.cpp */; };
		452C018E1EDE0E7B0057BEAA /* IO.mm in Sources */ = {isa = PBXBuildFile; fileRef = 452C018D1EDE0E7B0057BEAA /* IO.mm */; };
		452C01931EDE0F100057BEAA /* GInputManager.cpp in Sources */ = {isa = PBXBuildFile; fileRef = 452C01911EDE0F100057BEAA /* GInputManager.cpp */; };
		452C01991EDE0F750057BEAA /* PostMan.cpp in Sources */ = {isa = PBXBuildFile; fileRef = 452C01951EDE0F750057BEAA /* PostMan.cpp */; };
		452C019A1EDE0F750057BEAA /* Receiver.cpp in Sources */ = {isa = PBXBuildFile; fileRef = 452C01971EDE0F750057BEAA /* Receiver.cpp */; };
		452C01C11EDE17C00057BEAA /* Pipe.cpp in Sources */ = {isa = PBXBuildFile; fileRef = 452C01B61EDE17C00057BEAA /* Pipe.cpp */; };
		452C01C21EDE17C00057BEAA /* PipeColumn.cpp in Sources */ = {isa = PBXBuildFile; fileRef = 452C01B81EDE17C00057BEAA /* PipeColumn.cpp */; };
		452C01D01EDE18DA0057BEAA /* PipeFragment.glsl in Resources */ = {isa = PBXBuildFile; fileRef = 452C01CE1EDE18DA0057BEAA /* PipeFragment.glsl */; };
		452C01D11EDE18DA0057BEAA /* PipeVertex.glsl in Resources */ = {isa = PBXBuildFile; fileRef = 452C01CF1EDE18DA0057BEAA /* PipeVertex.glsl */; };
		452C01D81EDE19D30057BEAA /* Bird.cpp in Sources */ = {isa = PBXBuildFile; fileRef = 452C01D31EDE19D30057BEAA /* Bird.cpp */; };
		452C01D91EDE19D30057BEAA /* BirdFragment.glsl in Resources */ = {isa = PBXBuildFile; fileRef = 452C01D61EDE19D30057BEAA /* BirdFragment.glsl */; };
		452C01DA1EDE19D30057BEAA /* BirdVertex.glsl in Resources */ = {isa = PBXBuildFile; fileRef = 452C01D71EDE19D30057BEAA /* BirdVertex.glsl */; };
		45944A931ED367B400575060 /* GShader.cpp in Sources */ = {isa = PBXBuildFile; fileRef = 45944A911ED367B400575060 /* GShader.cpp */; };
/* End PBXBuildFile section */

/* Begin PBXFileReference section */
		4501FF3E1ECFBE4400BBE43F /* Flappy bird.app */ = {isa = PBXFileReference; explicitFileType = wrapper.application; includeInIndex = 0; path = "Flappy bird.app"; sourceTree = BUILT_PRODUCTS_DIR; };
		4501FF4B1ECFBE4400BBE43F /* Base */ = {isa = PBXFileReference; lastKnownFileType = file.storyboard; name = Base; path = Base.lproj/Main.storyboard; sourceTree = "<group>"; };
		4501FF4D1ECFBE4400BBE43F /* Assets.xcassets */ = {isa = PBXFileReference; lastKnownFileType = folder.assetcatalog; path = Assets.xcassets; sourceTree = "<group>"; };
		4501FF501ECFBE4400BBE43F /* Base */ = {isa = PBXFileReference; lastKnownFileType = file.storyboard; name = Base; path = Base.lproj/LaunchScreen.storyboard; sourceTree = "<group>"; };
		4501FF521ECFBE4400BBE43F /* Info.plist */ = {isa = PBXFileReference; lastKnownFileType = text.plist.xml; name = Info.plist; path = ../Info.plist; sourceTree = "<group>"; };
		4501FF611ECFBFA700BBE43F /* GTypes.cpp */ = {isa = PBXFileReference; fileEncoding = 4; lastKnownFileType = sourcecode.cpp.cpp; name = GTypes.cpp; path = ../../GTypes.cpp; sourceTree = "<group>"; };
		4501FF621ECFBFA700BBE43F /* GTypes.hpp */ = {isa = PBXFileReference; fileEncoding = 4; lastKnownFileType = sourcecode.cpp.h; name = GTypes.hpp; path = ../../GTypes.hpp; sourceTree = "<group>"; };
		4501FF891ED073ED00BBE43F /* GameWorld.cpp */ = {isa = PBXFileReference; fileEncoding = 4; lastKnownFileType = sourcecode.cpp.cpp; name = GameWorld.cpp; path = "Flappy bird/GameWorld.cpp"; sourceTree = SOURCE_ROOT; };
		4501FF8A1ED073ED00BBE43F /* GameWorld.hpp */ = {isa = PBXFileReference; fileEncoding = 4; lastKnownFileType = sourcecode.cpp.h; name = GameWorld.hpp; path = "Flappy bird/GameWorld.hpp"; sourceTree = SOURCE_ROOT; };
		452C01331EDDCD240057BEAA /* AppDelegate.h */ = {isa = PBXFileReference; fileEncoding = 4; lastKnownFileType = sourcecode.c.h; path = AppDelegate.h; sourceTree = "<group>"; };
		452C01341EDDCD240057BEAA /* AppDelegate.m */ = {isa = PBXFileReference; fileEncoding = 4; lastKnownFileType = sourcecode.c.objc; path = AppDelegate.m; sourceTree = "<group>"; };
		452C01351EDDCD240057BEAA /* main.m */ = {isa = PBXFileReference; fileEncoding = 4; lastKnownFileType = sourcecode.c.objc; path = main.m; sourceTree = "<group>"; };
		452C01581EDE0DB00057BEAA /* ViewController.h */ = {isa = PBXFileReference; fileEncoding = 4; lastKnownFileType = sourcecode.c.h; path = ViewController.h; sourceTree = "<group>"; };
		452C01591EDE0DB00057BEAA /* ViewController.m */ = {isa = PBXFileReference; fileEncoding = 4; lastKnownFileType = sourcecode.c.objc; path = ViewController.m; sourceTree = "<group>"; };
		452C015C1EDE0DBA0057BEAA /* OpenGLView.h */ = {isa = PBXFileReference; fileEncoding = 4; lastKnownFileType = sourcecode.c.h; path = OpenGLView.h; sourceTree = "<group>"; };
		452C015D1EDE0DBA0057BEAA /* OpenGLView.mm */ = {isa = PBXFileReference; fileEncoding = 4; lastKnownFileType = sourcecode.cpp.objcpp; path = OpenGLView.mm; sourceTree = "<group>"; };
		452C01611EDE0E400057BEAA /* GObject.cpp */ = {isa = PBXFileReference; fileEncoding = 4; lastKnownFileType = sourcecode.cpp.cpp; path = GObject.cpp; sourceTree = "<group>"; };
		452C01621EDE0E400057BEAA /* GObject.hpp */ = {isa = PBXFileReference; fileEncoding = 4; lastKnownFileType = sourcecode.cpp.h; path = GObject.hpp; sourceTree = "<group>"; };
		452C016A1EDE0E400057BEAA /* GLMatrix.cpp */ = {isa = PBXFileReference; fileEncoding = 4; lastKnownFileType = sourcecode.cpp.cpp; path = GLMatrix.cpp; sourceTree = "<group>"; };
		452C016B1EDE0E400057BEAA /* GLMatrix.hpp */ = {isa = PBXFileReference; fileEncoding = 4; lastKnownFileType = sourcecode.cpp.h; path = GLMatrix.hpp; sourceTree = "<group>"; };
		452C016C1EDE0E400057BEAA /* GLVertex.cpp */ = {isa = PBXFileReference; fileEncoding = 4; lastKnownFileType = sourcecode.cpp.cpp; path = GLVertex.cpp; sourceTree = "<group>"; };
		452C016D1EDE0E400057BEAA /* GLVertex.hpp */ = {isa = PBXFileReference; fileEncoding = 4; lastKnownFileType = sourcecode.cpp.h; path = GLVertex.hpp; sourceTree = "<group>"; };
		452C016F1EDE0E400057BEAA /* GBox.cpp */ = {isa = PBXFileReference; fileEncoding = 4; lastKnownFileType = sourcecode.cpp.cpp; path = GBox.cpp; sourceTree = "<group>"; };
		452C01701EDE0E400057BEAA /* GBox.hpp */ = {isa = PBXFileReference; fileEncoding = 4; lastKnownFileType = sourcecode.cpp.h; path = GBox.hpp; sourceTree = "<group>"; };
		452C01761EDE0E400057BEAA /* GVertexArray.cpp */ = {isa = PBXFileReference; fileEncoding = 4; lastKnownFileType = sourcecode.cpp.cpp; path = GVertexArray.cpp; sourceTree = "<group>"; };
		452C01771EDE0E400057BEAA /* GVertexArray.hpp */ = {isa = PBXFileReference; fileEncoding = 4; lastKnownFileType = sourcecode.cpp.h; path = GVertexArray.hpp; sourceTree = "<group>"; };
		452C01791EDE0E400057BEAA /* GDirector.cpp */ = {isa = PBXFileReference; fileEncoding = 4; lastKnownFileType = sourcecode.cpp.cpp; path = GDirector.cpp; sourceTree = "<group>"; };
		452C017A1EDE0E400057BEAA /* GDirector.hpp */ = {isa = PBXFileReference; fileEncoding = 4; lastKnownFileType = sourcecode.cpp.h; path = GDirector.hpp; sourceTree = "<group>"; };
		452C017B1EDE0E400057BEAA /* GShaderUtils.cpp */ = {isa = PBXFileReference; fileEncoding = 4; lastKnownFileType = sourcecode.cpp.cpp; path = GShaderUtils.cpp; sourceTree = "<group>"; };
		452C017C1EDE0E400057BEAA /* GShaderUtils.hpp */ = {isa = PBXFileReference; fileEncoding = 4; lastKnownFileType = sourcecode.cpp.h; path = GShaderUtils.hpp; sourceTree = "<group>"; };
		452C018C1EDE0E7B0057BEAA /* IO.h */ = {isa = PBXFileReference; fileEncoding = 4; lastKnownFileType = sourcecode.c.h; path = IO.h; sourceTree = "<group>"; };
		452C018D1EDE0E7B0057BEAA /* IO.mm */ = {isa = PBXFileReference; fileEncoding = 4; lastKnownFileType = sourcecode.cpp.objcpp; path = IO.mm; sourceTree = "<group>"; };
		452C018F1EDE0E960057BEAA /* IO-C-Interface.h */ = {isa = PBXFileReference; lastKnownFileType = sourcecode.c.h; path = "IO-C-Interface.h"; sourceTree = "<group>"; };
		452C01911EDE0F100057BEAA /* GInputManager.cpp */ = {isa = PBXFileReference; fileEncoding = 4; lastKnownFileType = sourcecode.cpp.cpp; path = GInputManager.cpp; sourceTree = "<group>"; };
		452C01921EDE0F100057BEAA /* GInputManager.hpp */ = {isa = PBXFileReference; fileEncoding = 4; lastKnownFileType = sourcecode.cpp.h; path = GInputManager.hpp; sourceTree = "<group>"; };
		452C01951EDE0F750057BEAA /* PostMan.cpp */ = {isa = PBXFileReference; fileEncoding = 4; lastKnownFileType = sourcecode.cpp.cpp; path = PostMan.cpp; sourceTree = "<group>"; };
		452C01961EDE0F750057BEAA /* PostMan.hpp */ = {isa = PBXFileReference; fileEncoding = 4; lastKnownFileType = sourcecode.cpp.h; path = PostMan.hpp; sourceTree = "<group>"; };
		452C01971EDE0F750057BEAA /* Receiver.cpp */ = {isa = PBXFileReference; fileEncoding = 4; lastKnownFileType = sourcecode.cpp.cpp; path = Receiver.cpp; sourceTree = "<group>"; };
		452C01981EDE0F750057BEAA /* Receiver.hpp */ = {isa = PBXFileReference; fileEncoding = 4; lastKnownFileType = sourcecode.cpp.h; path = Receiver.hpp; sourceTree = "<group>"; };
		452C01B61EDE17C00057BEAA /* Pipe.cpp */ = {isa = PBXFileReference; fileEncoding = 4; lastKnownFileType = sourcecode.cpp.cpp; path = Pipe.cpp; sourceTree = "<group>"; };
		452C01B71EDE17C00057BEAA /* Pipe.hpp */ = {isa = PBXFileReference; fileEncoding = 4; lastKnownFileType = sourcecode.cpp.h; path = Pipe.hpp; sourceTree = "<group>"; };
		452C01B81EDE17C00057BEAA /* PipeColumn.cpp */ = {isa = PBXFileReference; fileEncoding = 4; lastKnownFileType = sourcecode.cpp.cpp; path = PipeColumn.cpp; sourceTree = "<group>"; };
		452C01B91EDE17C00057BEAA /* PipeColumn.hpp */ = {isa = PBXFileReference; fileEncoding = 4; lastKnownFileType = sourcecode.cpp.h; path = PipeColumn.hpp; sourceTree = "<group>"; };
		452C01CE1EDE18DA0057BEAA /* PipeFragment.glsl */ = {isa = PBXFileReference; fileEncoding = 4; lastKnownFileType = text; path = PipeFragment.glsl; sourceTree = "<group>"; };
		452C01CF1EDE18DA0057BEAA /* PipeVertex.glsl */ = {isa = PBXFileReference; fileEncoding = 4; lastKnownFileType = text; path = PipeVertex.glsl; sourceTree = "<group>"; };
		452C01D31EDE19D30057BEAA /* Bird.cpp */ = {isa = PBXFileReference; fileEncoding = 4; lastKnownFileType = sourcecode.cpp.cpp; path = Bird.cpp; sourceTree = "<group>"; };
		452C01D41EDE19D30057BEAA /* Bird.hpp */ = {isa = PBXFileReference; fileEncoding = 4; lastKnownFileType = sourcecode.cpp.h; path = Bird.hpp; sourceTree = "<group>"; };
		452C01D61EDE19D30057BEAA /* BirdFragment.glsl */ = {isa = PBXFileReference; fileEncoding = 4; lastKnownFileType = text; path = BirdFragment.glsl; sourceTree = "<group>"; };
		452C01D71EDE19D30057BEAA /* BirdVertex.glsl */ = {isa = PBXFileReference; fileEncoding = 4; lastKnownFileType = text; path = BirdVertex.glsl; sourceTree = "<group>"; };
		45944A911ED367B400575060 /* GShader.cpp */ = {isa = PBXFileReference; fileEncoding = 4; lastKnownFileType = sourcecode.cpp.cpp; name = GShader.cpp; path = ../../../GShader.cpp; sourceTree = "<group>"; };
		45944A921ED367B400575060 /* GShader.hpp */ = {isa = PBXFileReference; fileEncoding = 4; lastKnownFileType = sourcecode.cpp.h; name = GShader.hpp; path = ../../../GShader.hpp; sourceTree = "<group>"; };
/* End PBXFileReference section */

/* Begin PBXFrameworksBuildPhase section */
		4501FF3B1ECFBE4400BBE43F /* Frameworks */ = {
			isa = PBXFrameworksBuildPhase;
			buildActionMask = 2147483647;
			files = (
			);
			runOnlyForDeploymentPostprocessing = 0;
		};
/* End PBXFrameworksBuildPhase section */

/* Begin PBXGroup section */
		4501FF351ECFBE4400BBE43F = {
			isa = PBXGroup;
			children = (
				4501FF401ECFBE4400BBE43F /* Flappy bird */,
				4501FF3F1ECFBE4400BBE43F /* Products */,
			);
			sourceTree = "<group>";
		};
		4501FF3F1ECFBE4400BBE43F /* Products */ = {
			isa = PBXGroup;
			children = (
				4501FF3E1ECFBE4400BBE43F /* Flappy bird.app */,
			);
			name = Products;
			sourceTree = "<group>";
		};
		4501FF401ECFBE4400BBE43F /* Flappy bird */ = {
			isa = PBXGroup;
			children = (
				452C01321EDDCD240057BEAA /* iOS */,
				452C015F1EDE0E400057BEAA /* Game */,
				452C01941EDE0F750057BEAA /* Middleware */,
				4501FF4D1ECFBE4400BBE43F /* Assets.xcassets */,
			);
			path = "Flappy bird";
			sourceTree = "<group>";
		};
		452C01321EDDCD240057BEAA /* iOS */ = {
			isa = PBXGroup;
			children = (
				452C018B1EDE0E7B0057BEAA /* IO */,
				452C015B1EDE0DBA0057BEAA /* UIViews */,
				452C01571EDE0DB00057BEAA /* UIViewControllers */,
				452C01331EDDCD240057BEAA /* AppDelegate.h */,
				452C01341EDDCD240057BEAA /* AppDelegate.m */,
				4501FF4A1ECFBE4400BBE43F /* Main.storyboard */,
				4501FF4F1ECFBE4400BBE43F /* LaunchScreen.storyboard */,
				4501FF521ECFBE4400BBE43F /* Info.plist */,
				452C01351EDDCD240057BEAA /* main.m */,
			);
			path = iOS;
			sourceTree = "<group>";
		};
		452C01571EDE0DB00057BEAA /* UIViewControllers */ = {
			isa = PBXGroup;
			children = (
				452C01581EDE0DB00057BEAA /* ViewController.h */,
				452C01591EDE0DB00057BEAA /* ViewController.m */,
			);
			path = UIViewControllers;
			sourceTree = "<group>";
		};
		452C015B1EDE0DBA0057BEAA /* UIViews */ = {
			isa = PBXGroup;
			children = (
				452C015C1EDE0DBA0057BEAA /* OpenGLView.h */,
				452C015D1EDE0DBA0057BEAA /* OpenGLView.mm */,
			);
			path = UIViews;
			sourceTree = "<group>";
		};
		452C015F1EDE0E400057BEAA /* Game */ = {
			isa = PBXGroup;
			children = (
				452C01901EDE0F100057BEAA /* IO */,
				452C01601EDE0E400057BEAA /* GameObjects */,
				452C01691EDE0E400057BEAA /* math */,
				452C016E1EDE0E400057BEAA /* Physics */,
				452C01711EDE0E400057BEAA /* Shaders */,
				452C01781EDE0E400057BEAA /* Utils */,
				4501FF8A1ED073ED00BBE43F /* GameWorld.hpp */,
				4501FF891ED073ED00BBE43F /* GameWorld.cpp */,
			);
			path = Game;
			sourceTree = "<group>";
		};
		452C01601EDE0E400057BEAA /* GameObjects */ = {
			isa = PBXGroup;
			children = (
				452C01D21EDE19D30057BEAA /* Bird */,
				452C01B51EDE17C00057BEAA /* Pipes */,
				452C01621EDE0E400057BEAA /* GObject.hpp */,
				452C01611EDE0E400057BEAA /* GObject.cpp */,
			);
			path = GameObjects;
			sourceTree = "<group>";
		};
		452C01691EDE0E400057BEAA /* math */ = {
			isa = PBXGroup;
			children = (
				452C016A1EDE0E400057BEAA /* GLMatrix.cpp */,
				452C016B1EDE0E400057BEAA /* GLMatrix.hpp */,
				452C016C1EDE0E400057BEAA /* GLVertex.cpp */,
				452C016D1EDE0E400057BEAA /* GLVertex.hpp */,
			);
			path = math;
			sourceTree = "<group>";
		};
		452C016E1EDE0E400057BEAA /* Physics */ = {
			isa = PBXGroup;
			children = (
				452C01701EDE0E400057BEAA /* GBox.hpp */,
				452C016F1EDE0E400057BEAA /* GBox.cpp */,
			);
			path = Physics;
			sourceTree = "<group>";
		};
		452C01711EDE0E400057BEAA /* Shaders */ = {
			isa = PBXGroup;
			children = (
				45944A921ED367B400575060 /* GShader.hpp */,
				45944A911ED367B400575060 /* GShader.cpp */,
				452C01761EDE0E400057BEAA /* GVertexArray.cpp */,
				452C01771EDE0E400057BEAA /* GVertexArray.hpp */,
			);
			path = Shaders;
			sourceTree = "<group>";
		};
		452C01781EDE0E400057BEAA /* Utils */ = {
			isa = PBXGroup;
			children = (
				452C017A1EDE0E400057BEAA /* GDirector.hpp */,
				452C01791EDE0E400057BEAA /* GDirector.cpp */,
				452C017C1EDE0E400057BEAA /* GShaderUtils.hpp */,
				452C017B1EDE0E400057BEAA /* GShaderUtils.cpp */,
				4501FF621ECFBFA700BBE43F /* GTypes.hpp */,
				4501FF611ECFBFA700BBE43F /* GTypes.cpp */,
			);
			path = Utils;
			sourceTree = "<group>";
		};
		452C018B1EDE0E7B0057BEAA /* IO */ = {
			isa = PBXGroup;
			children = (
				452C018F1EDE0E960057BEAA /* IO-C-Interface.h */,
				452C018C1EDE0E7B0057BEAA /* IO.h */,
				452C018D1EDE0E7B0057BEAA /* IO.mm */,
			);
			path = IO;
			sourceTree = "<group>";
		};
		452C01901EDE0F100057BEAA /* IO */ = {
			isa = PBXGroup;
			children = (
				452C01921EDE0F100057BEAA /* GInputManager.hpp */,
				452C01911EDE0F100057BEAA /* GInputManager.cpp */,
			);
			path = IO;
			sourceTree = "<group>";
		};
		452C01941EDE0F750057BEAA /* Middleware */ = {
			isa = PBXGroup;
			children = (
				452C01961EDE0F750057BEAA /* PostMan.hpp */,
				452C01951EDE0F750057BEAA /* PostMan.cpp */,
				452C01981EDE0F750057BEAA /* Receiver.hpp */,
				452C01971EDE0F750057BEAA /* Receiver.cpp */,
			);
			path = Middleware;
			sourceTree = "<group>";
		};
		452C01B51EDE17C00057BEAA /* Pipes */ = {
			isa = PBXGroup;
			children = (
				452C01CD1EDE18DA0057BEAA /* Shader */,
				452C01B71EDE17C00057BEAA /* Pipe.hpp */,
				452C01B61EDE17C00057BEAA /* Pipe.cpp */,
				452C01B91EDE17C00057BEAA /* PipeColumn.hpp */,
				452C01B81EDE17C00057BEAA /* PipeColumn.cpp */,
			);
			path = Pipes;
			sourceTree = "<group>";
		};
		452C01CD1EDE18DA0057BEAA /* Shader */ = {
			isa = PBXGroup;
			children = (
				452C01CE1EDE18DA0057BEAA /* PipeFragment.glsl */,
				452C01CF1EDE18DA0057BEAA /* PipeVertex.glsl */,
			);
			path = Shader;
			sourceTree = "<group>";
		};
		452C01D21EDE19D30057BEAA /* Bird */ = {
			isa = PBXGroup;
			children = (
				452C01D41EDE19D30057BEAA /* Bird.hpp */,
				452C01D31EDE19D30057BEAA /* Bird.cpp */,
				452C01D51EDE19D30057BEAA /* Shader */,
			);
			path = Bird;
			sourceTree = "<group>";
		};
		452C01D51EDE19D30057BEAA /* Shader */ = {
			isa = PBXGroup;
			children = (
				452C01D71EDE19D30057BEAA /* BirdVertex.glsl */,
				452C01D61EDE19D30057BEAA /* BirdFragment.glsl */,
			);
			path = Shader;
			sourceTree = "<group>";
		};
/* End PBXGroup section */

/* Begin PBXNativeTarget section */
		4501FF3D1ECFBE4400BBE43F /* Flappy bird */ = {
			isa = PBXNativeTarget;
			buildConfigurationList = 4501FF551ECFBE4400BBE43F /* Build configuration list for PBXNativeTarget "Flappy bird" */;
			buildPhases = (
				4501FF3A1ECFBE4400BBE43F /* Sources */,
				4501FF3B1ECFBE4400BBE43F /* Frameworks */,
				4501FF3C1ECFBE4400BBE43F /* Resources */,
			);
			buildRules = (
			);
			dependencies = (
			);
			name = "Flappy bird";
			productName = "Flappy bird";
			productReference = 4501FF3E1ECFBE4400BBE43F /* Flappy bird.app */;
			productType = "com.apple.product-type.application";
		};
/* End PBXNativeTarget section */

/* Begin PBXProject section */
		4501FF361ECFBE4400BBE43F /* Project object */ = {
			isa = PBXProject;
			attributes = {
				LastUpgradeCheck = 0820;
				ORGANIZATIONNAME = Ruben;
				TargetAttributes = {
					4501FF3D1ECFBE4400BBE43F = {
						CreatedOnToolsVersion = 8.2;
						DevelopmentTeam = KV32DG22P3;
						ProvisioningStyle = Automatic;
					};
				};
			};
			buildConfigurationList = 4501FF391ECFBE4400BBE43F /* Build configuration list for PBXProject "Flappy bird" */;
			compatibilityVersion = "Xcode 3.2";
			developmentRegion = English;
			hasScannedForEncodings = 0;
			knownRegions = (
				en,
				Base,
			);
			mainGroup = 4501FF351ECFBE4400BBE43F;
			productRefGroup = 4501FF3F1ECFBE4400BBE43F /* Products */;
			projectDirPath = "";
			projectRoot = "";
			targets = (
				4501FF3D1ECFBE4400BBE43F /* Flappy bird */,
			);
		};
/* End PBXProject section */

/* Begin PBXResourcesBuildPhase section */
		4501FF3C1ECFBE4400BBE43F /* Resources */ = {
			isa = PBXResourcesBuildPhase;
			buildActionMask = 2147483647;
			files = (
				452C01D91EDE19D30057BEAA /* BirdFragment.glsl in Resources */,
				4501FF511ECFBE4400BBE43F /* LaunchScreen.storyboard in Resources */,
				452C01D01EDE18DA0057BEAA /* PipeFragment.glsl in Resources */,
				452C01DA1EDE19D30057BEAA /* BirdVertex.glsl in Resources */,
				452C01D11EDE18DA0057BEAA /* PipeVertex.glsl in Resources */,
				4501FF4E1ECFBE4400BBE43F /* Assets.xcassets in Resources */,
				4501FF4C1ECFBE4400BBE43F /* Main.storyboard in Resources */,
			);
			runOnlyForDeploymentPostprocessing = 0;
		};
/* End PBXResourcesBuildPhase section */

/* Begin PBXSourcesBuildPhase section */
		4501FF3A1ECFBE4400BBE43F /* Sources */ = {
			isa = PBXSourcesBuildPhase;
			buildActionMask = 2147483647;
			files = (
				452C013A1EDDCD240057BEAA /* AppDelegate.m in Sources */,
				452C01811EDE0E400057BEAA /* GLMatrix.cpp in Sources */,
				452C01821EDE0E400057BEAA /* GLVertex.cpp in Sources */,
				452C01C11EDE17C00057BEAA /* Pipe.cpp in Sources */,
				452C017D1EDE0E400057BEAA /* GObject.cpp in Sources */,
				4501FF8B1ED073ED00BBE43F /* GameWorld.cpp in Sources */,
				452C01881EDE0E400057BEAA /* GVertexArray.cpp in Sources */,
				452C013B1EDDCD240057BEAA /* main.m in Sources */,
				452C01831EDE0E400057BEAA /* GBox.cpp in Sources */,
				45944A931ED367B400575060 /* GShader.cpp in Sources */,
				452C018E1EDE0E7B0057BEAA /* IO.mm in Sources */,
				452C01931EDE0F100057BEAA /* GInputManager.cpp in Sources */,
				452C01D81EDE19D30057BEAA /* Bird.cpp in Sources */,
				452C018A1EDE0E400057BEAA /* GShaderUtils.cpp in Sources */,
				452C015E1EDE0DBA0057BEAA /* OpenGLView.mm in Sources */,
				452C019A1EDE0F750057BEAA /* Receiver.cpp in Sources */,
				452C015A1EDE0DB00057BEAA /* ViewController.m in Sources */,
				452C01C21EDE17C00057BEAA /* PipeColumn.cpp in Sources */,
				4501FF691ECFBFA700BBE43F /* GTypes.cpp in Sources */,
				452C01991EDE0F750057BEAA /* PostMan.cpp in Sources */,
				452C01891EDE0E400057BEAA /* GDirector.cpp in Sources */,
			);
			runOnlyForDeploymentPostprocessing = 0;
		};
/* End PBXSourcesBuildPhase section */

/* Begin PBXVariantGroup section */
		4501FF4A1ECFBE4400BBE43F /* Main.storyboard */ = {
			isa = PBXVariantGroup;
			children = (
				4501FF4B1ECFBE4400BBE43F /* Base */,
			);
			name = Main.storyboard;
			path = ..;
			sourceTree = "<group>";
		};
		4501FF4F1ECFBE4400BBE43F /* LaunchScreen.storyboard */ = {
			isa = PBXVariantGroup;
			children = (
				4501FF501ECFBE4400BBE43F /* Base */,
			);
			name = LaunchScreen.storyboard;
			path = ..;
			sourceTree = "<group>";
		};
/* End PBXVariantGroup section */

/* Begin XCBuildConfiguration section */
		4501FF531ECFBE4400BBE43F /* Debug */ = {
			isa = XCBuildConfiguration;
			buildSettings = {
				ALWAYS_SEARCH_USER_PATHS = NO;
				CLANG_ANALYZER_NONNULL = YES;
				CLANG_CXX_LANGUAGE_STANDARD = "gnu++0x";
				CLANG_CXX_LIBRARY = "libc++";
				CLANG_ENABLE_MODULES = YES;
				CLANG_ENABLE_OBJC_ARC = YES;
				CLANG_WARN_BOOL_CONVERSION = YES;
				CLANG_WARN_CONSTANT_CONVERSION = YES;
				CLANG_WARN_DIRECT_OBJC_ISA_USAGE = YES_ERROR;
				CLANG_WARN_DOCUMENTATION_COMMENTS = YES;
				CLANG_WARN_EMPTY_BODY = YES;
				CLANG_WARN_ENUM_CONVERSION = YES;
				CLANG_WARN_INFINITE_RECURSION = YES;
				CLANG_WARN_INT_CONVERSION = YES;
				CLANG_WARN_OBJC_ROOT_CLASS = YES_ERROR;
				CLANG_WARN_SUSPICIOUS_MOVE = YES;
				CLANG_WARN_UNREACHABLE_CODE = YES;
				CLANG_WARN__DUPLICATE_METHOD_MATCH = YES;
				"CODE_SIGN_IDENTITY[sdk=iphoneos*]" = "iPhone Developer";
				COPY_PHASE_STRIP = NO;
				DEBUG_INFORMATION_FORMAT = dwarf;
				ENABLE_STRICT_OBJC_MSGSEND = YES;
				ENABLE_TESTABILITY = YES;
				GCC_C_LANGUAGE_STANDARD = gnu99;
				GCC_DYNAMIC_NO_PIC = NO;
				GCC_NO_COMMON_BLOCKS = YES;
				GCC_OPTIMIZATION_LEVEL = 0;
				GCC_PREPROCESSOR_DEFINITIONS = (
					"DEBUG=1",
					"$(inherited)",
				);
				GCC_WARN_64_TO_32_BIT_CONVERSION = YES;
				GCC_WARN_ABOUT_RETURN_TYPE = YES_ERROR;
				GCC_WARN_UNDECLARED_SELECTOR = YES;
				GCC_WARN_UNINITIALIZED_AUTOS = YES_AGGRESSIVE;
				GCC_WARN_UNUSED_FUNCTION = YES;
				GCC_WARN_UNUSED_VARIABLE = YES;
				IPHONEOS_DEPLOYMENT_TARGET = 10.2;
				MTL_ENABLE_DEBUG_INFO = YES;
				ONLY_ACTIVE_ARCH = YES;
				SDKROOT = iphoneos;
				TARGETED_DEVICE_FAMILY = "1,2";
			};
			name = Debug;
		};
		4501FF541ECFBE4400BBE43F /* Release */ = {
			isa = XCBuildConfiguration;
			buildSettings = {
				ALWAYS_SEARCH_USER_PATHS = NO;
				CLANG_ANALYZER_NONNULL = YES;
				CLANG_CXX_LANGUAGE_STANDARD = "gnu++0x";
				CLANG_CXX_LIBRARY = "libc++";
				CLANG_ENABLE_MODULES = YES;
				CLANG_ENABLE_OBJC_ARC = YES;
				CLANG_WARN_BOOL_CONVERSION = YES;
				CLANG_WARN_CONSTANT_CONVERSION = YES;
				CLANG_WARN_DIRECT_OBJC_ISA_USAGE = YES_ERROR;
				CLANG_WARN_DOCUMENTATION_COMMENTS = YES;
				CLANG_WARN_EMPTY_BODY = YES;
				CLANG_WARN_ENUM_CONVERSION = YES;
				CLANG_WARN_INFINITE_RECURSION = YES;
				CLANG_WARN_INT_CONVERSION = YES;
				CLANG_WARN_OBJC_ROOT_CLASS = YES_ERROR;
				CLANG_WARN_SUSPICIOUS_MOVE = YES;
				CLANG_WARN_UNREACHABLE_CODE = YES;
				CLANG_WARN__DUPLICATE_METHOD_MATCH = YES;
				"CODE_SIGN_IDENTITY[sdk=iphoneos*]" = "iPhone Developer";
				COPY_PHASE_STRIP = NO;
				DEBUG_INFORMATION_FORMAT = "dwarf-with-dsym";
				ENABLE_NS_ASSERTIONS = NO;
				ENABLE_STRICT_OBJC_MSGSEND = YES;
				GCC_C_LANGUAGE_STANDARD = gnu99;
				GCC_NO_COMMON_BLOCKS = YES;
				GCC_WARN_64_TO_32_BIT_CONVERSION = YES;
				GCC_WARN_ABOUT_RETURN_TYPE = YES_ERROR;
				GCC_WARN_UNDECLARED_SELECTOR = YES;
				GCC_WARN_UNINITIALIZED_AUTOS = YES_AGGRESSIVE;
				GCC_WARN_UNUSED_FUNCTION = YES;
				GCC_WARN_UNUSED_VARIABLE = YES;
				IPHONEOS_DEPLOYMENT_TARGET = 10.2;
				MTL_ENABLE_DEBUG_INFO = NO;
				SDKROOT = iphoneos;
				TARGETED_DEVICE_FAMILY = "1,2";
				VALIDATE_PRODUCT = YES;
			};
			name = Release;
		};
		4501FF561ECFBE4400BBE43F /* Debug */ = {
			isa = XCBuildConfiguration;
			buildSettings = {
				ASSETCATALOG_COMPILER_APPICON_NAME = AppIcon;
				DEVELOPMENT_TEAM = KV32DG22P3;
				INFOPLIST_FILE = "Flappy bird/Info.plist";
				LD_RUNPATH_SEARCH_PATHS = "$(inherited) @executable_path/Frameworks";
				PRODUCT_BUNDLE_IDENTIFIER = "com.ruben.Flappy-bird";
				PRODUCT_NAME = "$(TARGET_NAME)";
			};
			name = Debug;
		};
		4501FF571ECFBE4400BBE43F /* Release */ = {
			isa = XCBuildConfiguration;
			buildSettings = {
				ASSETCATALOG_COMPILER_APPICON_NAME = AppIcon;
				DEVELOPMENT_TEAM = KV32DG22P3;
				INFOPLIST_FILE = "Flappy bird/Info.plist";
				LD_RUNPATH_SEARCH_PATHS = "$(inherited) @executable_path/Frameworks";
				PRODUCT_BUNDLE_IDENTIFIER = "com.ruben.Flappy-bird";
				PRODUCT_NAME = "$(TARGET_NAME)";
			};
			name = Release;
		};
/* End XCBuildConfiguration section */

/* Begin XCConfigurationList section */
		4501FF391ECFBE4400BBE43F /* Build configuration list for PBXProject "Flappy bird" */ = {
			isa = XCConfigurationList;
			buildConfigurations = (
				4501FF531ECFBE4400BBE43F /* Debug */,
				4501FF541ECFBE4400BBE43F /* Release */,
			);
			defaultConfigurationIsVisible = 0;
			defaultConfigurationName = Release;
		};
		4501FF551ECFBE4400BBE43F /* Build configuration list for PBXNativeTarget "Flappy bird" */ = {
			isa = XCConfigurationList;
			buildConfigurations = (
				4501FF561ECFBE4400BBE43F /* Debug */,
				4501FF571ECFBE4400BBE43F /* Release */,
			);
			defaultConfigurationIsVisible = 0;
			defaultConfigurationName = Release;
		};
/* End XCConfigurationList section */
	};
	rootObject = 4501FF361ECFBE4400BBE43F /* Project object */;
}
